// !$*UTF8*$!
{
	archiveVersion = 1;
	classes = {
	};
	objectVersion = 56;
	objects = {

/* Begin PBXBuildFile section */
		E34BAD1C2BD8077C0002D7BA /* DataItem.swift in Sources */ = {isa = PBXBuildFile; fileRef = E34BAD1B2BD8077C0002D7BA /* DataItem.swift */; };
		E3BC33ED2B9A7FE700FFBA53 /* MunchMadnessApp.swift in Sources */ = {isa = PBXBuildFile; fileRef = E3BC33EC2B9A7FE700FFBA53 /* MunchMadnessApp.swift */; };
		E3BC33EF2B9A7FE700FFBA53 /* ContentView.swift in Sources */ = {isa = PBXBuildFile; fileRef = E3BC33EE2B9A7FE700FFBA53 /* ContentView.swift */; };
		E3BC33F12B9A7FE900FFBA53 /* Assets.xcassets in Resources */ = {isa = PBXBuildFile; fileRef = E3BC33F02B9A7FE900FFBA53 /* Assets.xcassets */; };
		E3BC33F42B9A7FE900FFBA53 /* Preview Assets.xcassets in Resources */ = {isa = PBXBuildFile; fileRef = E3BC33F32B9A7FE900FFBA53 /* Preview Assets.xcassets */; };
		E3BC33FB2B9A7FF900FFBA53 /* RestaurantViewModel.swift in Sources */ = {isa = PBXBuildFile; fileRef = E3BC33FA2B9A7FF900FFBA53 /* RestaurantViewModel.swift */; };
		E3BC33FD2B9A833300FFBA53 /* YelpService.swift in Sources */ = {isa = PBXBuildFile; fileRef = E3BC33FC2B9A833300FFBA53 /* YelpService.swift */; };
		E3BC33FF2B9A84E200FFBA53 /* Errors.swift in Sources */ = {isa = PBXBuildFile; fileRef = E3BC33FE2B9A84E200FFBA53 /* Errors.swift */; };
		E3BC34052BA7386300FFBA53 /* YelpAPI.swift in Sources */ = {isa = PBXBuildFile; fileRef = E3BC34042BA7386300FFBA53 /* YelpAPI.swift */; };
		E3BC34072BA73E4F00FFBA53 /* CardView.swift in Sources */ = {isa = PBXBuildFile; fileRef = E3BC34062BA73E4F00FFBA53 /* CardView.swift */; };
		E3BC340A2BA73FEF00FFBA53 /* RestaurantModel.swift in Sources */ = {isa = PBXBuildFile; fileRef = E3BC34092BA73FEF00FFBA53 /* RestaurantModel.swift */; };
		E3BC340C2BA74D0B00FFBA53 /* HomeView.swift in Sources */ = {isa = PBXBuildFile; fileRef = E3BC340B2BA74D0B00FFBA53 /* HomeView.swift */; };
		E3BC340E2BA74F3500FFBA53 /* SwiperView.swift in Sources */ = {isa = PBXBuildFile; fileRef = E3BC340D2BA74F3500FFBA53 /* SwiperView.swift */; };
		E3BC34102BA7539100FFBA53 /* RestaurantListViewModel.swift in Sources */ = {isa = PBXBuildFile; fileRef = E3BC340F2BA7539000FFBA53 /* RestaurantListViewModel.swift */; };
		E3BC34122BA7A12E00FFBA53 /* FavoritesView.swift in Sources */ = {isa = PBXBuildFile; fileRef = E3BC34112BA7A12E00FFBA53 /* FavoritesView.swift */; };
		E3BC34142BA7A13900FFBA53 /* FilterView.swift in Sources */ = {isa = PBXBuildFile; fileRef = E3BC34132BA7A13900FFBA53 /* FilterView.swift */; };
		E3BC34182BA9D75F00FFBA53 /* Secret.swift in Sources */ = {isa = PBXBuildFile; fileRef = E3BC34172BA9D75F00FFBA53 /* Secret.swift */; };
		E3BC341B2BAA079000FFBA53 /* LocationManager.swift in Sources */ = {isa = PBXBuildFile; fileRef = E3BC341A2BAA079000FFBA53 /* LocationManager.swift */; };
		E3BC341D2BAA07CC00FFBA53 /* RequestLocationView.swift in Sources */ = {isa = PBXBuildFile; fileRef = E3BC341C2BAA07CC00FFBA53 /* RequestLocationView.swift */; };
		E3BE1A392BACF11600503F44 /* TabsView.swift in Sources */ = {isa = PBXBuildFile; fileRef = E3BE1A382BACF11600503F44 /* TabsView.swift */; };
		E3DB65442BBD10BA00DFB606 /* SelectLocationView.swift in Sources */ = {isa = PBXBuildFile; fileRef = E3DB65432BBD10BA00DFB606 /* SelectLocationView.swift */; };
		E3DB658C2BC63DA400DFB606 /* ImageView.swift in Sources */ = {isa = PBXBuildFile; fileRef = E3DB658B2BC63DA400DFB606 /* ImageView.swift */; };
		E3DB658E2BC63DB900DFB606 /* ImageViewModel.swift in Sources */ = {isa = PBXBuildFile; fileRef = E3DB658D2BC63DB900DFB606 /* ImageViewModel.swift */; };
/* End PBXBuildFile section */

/* Begin PBXFileReference section */
		E34BAD1B2BD8077C0002D7BA /* DataItem.swift */ = {isa = PBXFileReference; lastKnownFileType = sourcecode.swift; path = DataItem.swift; sourceTree = "<group>"; };
		E3BC33E92B9A7FE700FFBA53 /* MunchMadness.app */ = {isa = PBXFileReference; explicitFileType = wrapper.application; includeInIndex = 0; path = MunchMadness.app; sourceTree = BUILT_PRODUCTS_DIR; };
		E3BC33EC2B9A7FE700FFBA53 /* MunchMadnessApp.swift */ = {isa = PBXFileReference; lastKnownFileType = sourcecode.swift; path = MunchMadnessApp.swift; sourceTree = "<group>"; };
		E3BC33EE2B9A7FE700FFBA53 /* ContentView.swift */ = {isa = PBXFileReference; lastKnownFileType = sourcecode.swift; path = ContentView.swift; sourceTree = "<group>"; };
		E3BC33F02B9A7FE900FFBA53 /* Assets.xcassets */ = {isa = PBXFileReference; lastKnownFileType = folder.assetcatalog; path = Assets.xcassets; sourceTree = "<group>"; };
		E3BC33F32B9A7FE900FFBA53 /* Preview Assets.xcassets */ = {isa = PBXFileReference; lastKnownFileType = folder.assetcatalog; path = "Preview Assets.xcassets"; sourceTree = "<group>"; };
		E3BC33FA2B9A7FF900FFBA53 /* RestaurantViewModel.swift */ = {isa = PBXFileReference; lastKnownFileType = sourcecode.swift; path = RestaurantViewModel.swift; sourceTree = "<group>"; };
		E3BC33FC2B9A833300FFBA53 /* YelpService.swift */ = {isa = PBXFileReference; lastKnownFileType = sourcecode.swift; path = YelpService.swift; sourceTree = "<group>"; };
		E3BC33FE2B9A84E200FFBA53 /* Errors.swift */ = {isa = PBXFileReference; lastKnownFileType = sourcecode.swift; path = Errors.swift; sourceTree = "<group>"; };
		E3BC34042BA7386300FFBA53 /* YelpAPI.swift */ = {isa = PBXFileReference; lastKnownFileType = sourcecode.swift; path = YelpAPI.swift; sourceTree = "<group>"; };
		E3BC34062BA73E4F00FFBA53 /* CardView.swift */ = {isa = PBXFileReference; lastKnownFileType = sourcecode.swift; path = CardView.swift; sourceTree = "<group>"; };
		E3BC34092BA73FEF00FFBA53 /* RestaurantModel.swift */ = {isa = PBXFileReference; lastKnownFileType = sourcecode.swift; path = RestaurantModel.swift; sourceTree = "<group>"; };
		E3BC340B2BA74D0B00FFBA53 /* HomeView.swift */ = {isa = PBXFileReference; lastKnownFileType = sourcecode.swift; path = HomeView.swift; sourceTree = "<group>"; };
		E3BC340D2BA74F3500FFBA53 /* SwiperView.swift */ = {isa = PBXFileReference; lastKnownFileType = sourcecode.swift; path = SwiperView.swift; sourceTree = "<group>"; };
		E3BC340F2BA7539000FFBA53 /* RestaurantListViewModel.swift */ = {isa = PBXFileReference; lastKnownFileType = sourcecode.swift; path = RestaurantListViewModel.swift; sourceTree = "<group>"; };
		E3BC34112BA7A12E00FFBA53 /* FavoritesView.swift */ = {isa = PBXFileReference; lastKnownFileType = sourcecode.swift; path = FavoritesView.swift; sourceTree = "<group>"; };
		E3BC34132BA7A13900FFBA53 /* FilterView.swift */ = {isa = PBXFileReference; lastKnownFileType = sourcecode.swift; path = FilterView.swift; sourceTree = "<group>"; };
		E3BC34172BA9D75F00FFBA53 /* Secret.swift */ = {isa = PBXFileReference; lastKnownFileType = sourcecode.swift; path = Secret.swift; sourceTree = "<group>"; };
		E3BC341A2BAA079000FFBA53 /* LocationManager.swift */ = {isa = PBXFileReference; lastKnownFileType = sourcecode.swift; path = LocationManager.swift; sourceTree = "<group>"; };
		E3BC341C2BAA07CC00FFBA53 /* RequestLocationView.swift */ = {isa = PBXFileReference; lastKnownFileType = sourcecode.swift; path = RequestLocationView.swift; sourceTree = "<group>"; };
		E3BE1A382BACF11600503F44 /* TabsView.swift */ = {isa = PBXFileReference; lastKnownFileType = sourcecode.swift; path = TabsView.swift; sourceTree = "<group>"; };
		E3DB65432BBD10BA00DFB606 /* SelectLocationView.swift */ = {isa = PBXFileReference; lastKnownFileType = sourcecode.swift; path = SelectLocationView.swift; sourceTree = "<group>"; };
		E3DB658B2BC63DA400DFB606 /* ImageView.swift */ = {isa = PBXFileReference; lastKnownFileType = sourcecode.swift; path = ImageView.swift; sourceTree = "<group>"; };
		E3DB658D2BC63DB900DFB606 /* ImageViewModel.swift */ = {isa = PBXFileReference; lastKnownFileType = sourcecode.swift; path = ImageViewModel.swift; sourceTree = "<group>"; };
/* End PBXFileReference section */

/* Begin PBXFrameworksBuildPhase section */
		E3BC33E62B9A7FE700FFBA53 /* Frameworks */ = {
			isa = PBXFrameworksBuildPhase;
			buildActionMask = 2147483647;
			files = (
			);
			runOnlyForDeploymentPostprocessing = 0;
		};
/* End PBXFrameworksBuildPhase section */

/* Begin PBXGroup section */
		E34BAD1A2BD807630002D7BA /* Data */ = {
			isa = PBXGroup;
			children = (
				E34BAD1B2BD8077C0002D7BA /* DataItem.swift */,
			);
			path = Data;
			sourceTree = "<group>";
		};
		E3BC33E02B9A7FE700FFBA53 = {
			isa = PBXGroup;
			children = (
				E3BC33EB2B9A7FE700FFBA53 /* MunchMadness */,
				E3BC33EA2B9A7FE700FFBA53 /* Products */,
			);
			sourceTree = "<group>";
		};
		E3BC33EA2B9A7FE700FFBA53 /* Products */ = {
			isa = PBXGroup;
			children = (
				E3BC33E92B9A7FE700FFBA53 /* MunchMadness.app */,
			);
			name = Products;
			sourceTree = "<group>";
		};
		E3BC33EB2B9A7FE700FFBA53 /* MunchMadness */ = {
			isa = PBXGroup;
			children = (
				E3BC33EC2B9A7FE700FFBA53 /* MunchMadnessApp.swift */,
				E3BC33EE2B9A7FE700FFBA53 /* ContentView.swift */,
				E34BAD1A2BD807630002D7BA /* Data */,
				E3BC34032B9BEB3E00FFBA53 /* Views */,
				E3BC34022B9B988400FFBA53 /* ViewModel */,
				E3BC34082BA73FDB00FFBA53 /* Models */,
				E3BC34192BAA078800FFBA53 /* Location */,
				E3BC33FE2B9A84E200FFBA53 /* Errors.swift */,
				E3BC33F02B9A7FE900FFBA53 /* Assets.xcassets */,
				E3BC33F22B9A7FE900FFBA53 /* Preview Content */,
			);
			path = MunchMadness;
			sourceTree = "<group>";
		};
		E3BC33F22B9A7FE900FFBA53 /* Preview Content */ = {
			isa = PBXGroup;
			children = (
				E3BC33FC2B9A833300FFBA53 /* YelpService.swift */,
				E3BC33F32B9A7FE900FFBA53 /* Preview Assets.xcassets */,
			);
			path = "Preview Content";
			sourceTree = "<group>";
		};
		E3BC34022B9B988400FFBA53 /* ViewModel */ = {
			isa = PBXGroup;
			children = (
				E3BC33FA2B9A7FF900FFBA53 /* RestaurantViewModel.swift */,
				E3DB658D2BC63DB900DFB606 /* ImageViewModel.swift */,
				E3BC340F2BA7539000FFBA53 /* RestaurantListViewModel.swift */,
			);
			path = ViewModel;
			sourceTree = "<group>";
		};
		E3BC34032B9BEB3E00FFBA53 /* Views */ = {
			isa = PBXGroup;
			children = (
				E3BE1A382BACF11600503F44 /* TabsView.swift */,
				E3BC34062BA73E4F00FFBA53 /* CardView.swift */,
				E3DB658B2BC63DA400DFB606 /* ImageView.swift */,
				E3BC340B2BA74D0B00FFBA53 /* HomeView.swift */,
				E3BC340D2BA74F3500FFBA53 /* SwiperView.swift */,
				E3BC34112BA7A12E00FFBA53 /* FavoritesView.swift */,
				E3BC34132BA7A13900FFBA53 /* FilterView.swift */,
				E3DB65432BBD10BA00DFB606 /* SelectLocationView.swift */,
			);
			path = Views;
			sourceTree = "<group>";
		};
		E3BC34082BA73FDB00FFBA53 /* Models */ = {
			isa = PBXGroup;
			children = (
				E3BC34042BA7386300FFBA53 /* YelpAPI.swift */,
				E3BC34092BA73FEF00FFBA53 /* RestaurantModel.swift */,
				E3BC34172BA9D75F00FFBA53 /* Secret.swift */,
			);
			path = Models;
			sourceTree = "<group>";
		};
		E3BC34192BAA078800FFBA53 /* Location */ = {
			isa = PBXGroup;
			children = (
				E3BC341A2BAA079000FFBA53 /* LocationManager.swift */,
				E3BC341C2BAA07CC00FFBA53 /* RequestLocationView.swift */,
			);
			path = Location;
			sourceTree = "<group>";
		};
/* End PBXGroup section */

/* Begin PBXNativeTarget section */
		E3BC33E82B9A7FE700FFBA53 /* MunchMadness */ = {
			isa = PBXNativeTarget;
			buildConfigurationList = E3BC33F72B9A7FE900FFBA53 /* Build configuration list for PBXNativeTarget "MunchMadness" */;
			buildPhases = (
				E3BC33E52B9A7FE700FFBA53 /* Sources */,
				E3BC33E62B9A7FE700FFBA53 /* Frameworks */,
				E3BC33E72B9A7FE700FFBA53 /* Resources */,
			);
			buildRules = (
			);
			dependencies = (
			);
			name = MunchMadness;
			productName = MunchMadness;
			productReference = E3BC33E92B9A7FE700FFBA53 /* MunchMadness.app */;
			productType = "com.apple.product-type.application";
		};
/* End PBXNativeTarget section */

/* Begin PBXProject section */
		E3BC33E12B9A7FE700FFBA53 /* Project object */ = {
			isa = PBXProject;
			attributes = {
				BuildIndependentTargetsInParallel = 1;
				LastSwiftUpdateCheck = 1530;
				LastUpgradeCheck = 1530;
				TargetAttributes = {
					E3BC33E82B9A7FE700FFBA53 = {
						CreatedOnToolsVersion = 15.3;
					};
				};
			};
			buildConfigurationList = E3BC33E42B9A7FE700FFBA53 /* Build configuration list for PBXProject "MunchMadness" */;
			compatibilityVersion = "Xcode 14.0";
			developmentRegion = en;
			hasScannedForEncodings = 0;
			knownRegions = (
				en,
				Base,
			);
			mainGroup = E3BC33E02B9A7FE700FFBA53;
			productRefGroup = E3BC33EA2B9A7FE700FFBA53 /* Products */;
			projectDirPath = "";
			projectRoot = "";
			targets = (
				E3BC33E82B9A7FE700FFBA53 /* MunchMadness */,
			);
		};
/* End PBXProject section */

/* Begin PBXResourcesBuildPhase section */
		E3BC33E72B9A7FE700FFBA53 /* Resources */ = {
			isa = PBXResourcesBuildPhase;
			buildActionMask = 2147483647;
			files = (
				E3BC33F42B9A7FE900FFBA53 /* Preview Assets.xcassets in Resources */,
				E3BC33F12B9A7FE900FFBA53 /* Assets.xcassets in Resources */,
			);
			runOnlyForDeploymentPostprocessing = 0;
		};
/* End PBXResourcesBuildPhase section */

/* Begin PBXSourcesBuildPhase section */
		E3BC33E52B9A7FE700FFBA53 /* Sources */ = {
			isa = PBXSourcesBuildPhase;
			buildActionMask = 2147483647;
			files = (
				E3BC34142BA7A13900FFBA53 /* FilterView.swift in Sources */,
				E34BAD1C2BD8077C0002D7BA /* DataItem.swift in Sources */,
				E3DB658C2BC63DA400DFB606 /* ImageView.swift in Sources */,
				E3BC341D2BAA07CC00FFBA53 /* RequestLocationView.swift in Sources */,
				E3BC34182BA9D75F00FFBA53 /* Secret.swift in Sources */,
				E3BC341B2BAA079000FFBA53 /* LocationManager.swift in Sources */,
				E3BE1A392BACF11600503F44 /* TabsView.swift in Sources */,
				E3DB658E2BC63DB900DFB606 /* ImageViewModel.swift in Sources */,
				E3BC340E2BA74F3500FFBA53 /* SwiperView.swift in Sources */,
				E3BC34072BA73E4F00FFBA53 /* CardView.swift in Sources */,
				E3BC34102BA7539100FFBA53 /* RestaurantListViewModel.swift in Sources */,
				E3BC340C2BA74D0B00FFBA53 /* HomeView.swift in Sources */,
				E3BC34122BA7A12E00FFBA53 /* FavoritesView.swift in Sources */,
				E3BC33EF2B9A7FE700FFBA53 /* ContentView.swift in Sources */,
				E3BC340A2BA73FEF00FFBA53 /* RestaurantModel.swift in Sources */,
				E3BC33FF2B9A84E200FFBA53 /* Errors.swift in Sources */,
				E3BC34052BA7386300FFBA53 /* YelpAPI.swift in Sources */,
				E3BC33ED2B9A7FE700FFBA53 /* MunchMadnessApp.swift in Sources */,
				E3DB65442BBD10BA00DFB606 /* SelectLocationView.swift in Sources */,
				E3BC33FB2B9A7FF900FFBA53 /* RestaurantViewModel.swift in Sources */,
				E3BC33FD2B9A833300FFBA53 /* YelpService.swift in Sources */,
			);
			runOnlyForDeploymentPostprocessing = 0;
		};
/* End PBXSourcesBuildPhase section */

/* Begin XCBuildConfiguration section */
		E3BC33F52B9A7FE900FFBA53 /* Debug */ = {
			isa = XCBuildConfiguration;
			buildSettings = {
				ALWAYS_SEARCH_USER_PATHS = NO;
				ASSETCATALOG_COMPILER_GENERATE_SWIFT_ASSET_SYMBOL_EXTENSIONS = YES;
				CLANG_ANALYZER_NONNULL = YES;
				CLANG_ANALYZER_NUMBER_OBJECT_CONVERSION = YES_AGGRESSIVE;
				CLANG_CXX_LANGUAGE_STANDARD = "gnu++20";
				CLANG_ENABLE_MODULES = YES;
				CLANG_ENABLE_OBJC_ARC = YES;
				CLANG_ENABLE_OBJC_WEAK = YES;
				CLANG_WARN_BLOCK_CAPTURE_AUTORELEASING = YES;
				CLANG_WARN_BOOL_CONVERSION = YES;
				CLANG_WARN_COMMA = YES;
				CLANG_WARN_CONSTANT_CONVERSION = YES;
				CLANG_WARN_DEPRECATED_OBJC_IMPLEMENTATIONS = YES;
				CLANG_WARN_DIRECT_OBJC_ISA_USAGE = YES_ERROR;
				CLANG_WARN_DOCUMENTATION_COMMENTS = YES;
				CLANG_WARN_EMPTY_BODY = YES;
				CLANG_WARN_ENUM_CONVERSION = YES;
				CLANG_WARN_INFINITE_RECURSION = YES;
				CLANG_WARN_INT_CONVERSION = YES;
				CLANG_WARN_NON_LITERAL_NULL_CONVERSION = YES;
				CLANG_WARN_OBJC_IMPLICIT_RETAIN_SELF = YES;
				CLANG_WARN_OBJC_LITERAL_CONVERSION = YES;
				CLANG_WARN_OBJC_ROOT_CLASS = YES_ERROR;
				CLANG_WARN_QUOTED_INCLUDE_IN_FRAMEWORK_HEADER = YES;
				CLANG_WARN_RANGE_LOOP_ANALYSIS = YES;
				CLANG_WARN_STRICT_PROTOTYPES = YES;
				CLANG_WARN_SUSPICIOUS_MOVE = YES;
				CLANG_WARN_UNGUARDED_AVAILABILITY = YES_AGGRESSIVE;
				CLANG_WARN_UNREACHABLE_CODE = YES;
				CLANG_WARN__DUPLICATE_METHOD_MATCH = YES;
				COPY_PHASE_STRIP = NO;
				DEBUG_INFORMATION_FORMAT = dwarf;
				ENABLE_STRICT_OBJC_MSGSEND = YES;
				ENABLE_TESTABILITY = YES;
				ENABLE_USER_SCRIPT_SANDBOXING = YES;
				GCC_C_LANGUAGE_STANDARD = gnu17;
				GCC_DYNAMIC_NO_PIC = NO;
				GCC_NO_COMMON_BLOCKS = YES;
				GCC_OPTIMIZATION_LEVEL = 0;
				GCC_PREPROCESSOR_DEFINITIONS = (
					"DEBUG=1",
					"$(inherited)",
				);
				GCC_WARN_64_TO_32_BIT_CONVERSION = YES;
				GCC_WARN_ABOUT_RETURN_TYPE = YES_ERROR;
				GCC_WARN_UNDECLARED_SELECTOR = YES;
				GCC_WARN_UNINITIALIZED_AUTOS = YES_AGGRESSIVE;
				GCC_WARN_UNUSED_FUNCTION = YES;
				GCC_WARN_UNUSED_VARIABLE = YES;
				IPHONEOS_DEPLOYMENT_TARGET = 17.4;
				LOCALIZATION_PREFERS_STRING_CATALOGS = YES;
				MTL_ENABLE_DEBUG_INFO = INCLUDE_SOURCE;
				MTL_FAST_MATH = YES;
				ONLY_ACTIVE_ARCH = YES;
				SDKROOT = iphoneos;
				SWIFT_ACTIVE_COMPILATION_CONDITIONS = "DEBUG $(inherited)";
				SWIFT_OPTIMIZATION_LEVEL = "-Onone";
			};
			name = Debug;
		};
		E3BC33F62B9A7FE900FFBA53 /* Release */ = {
			isa = XCBuildConfiguration;
			buildSettings = {
				ALWAYS_SEARCH_USER_PATHS = NO;
				ASSETCATALOG_COMPILER_GENERATE_SWIFT_ASSET_SYMBOL_EXTENSIONS = YES;
				CLANG_ANALYZER_NONNULL = YES;
				CLANG_ANALYZER_NUMBER_OBJECT_CONVERSION = YES_AGGRESSIVE;
				CLANG_CXX_LANGUAGE_STANDARD = "gnu++20";
				CLANG_ENABLE_MODULES = YES;
				CLANG_ENABLE_OBJC_ARC = YES;
				CLANG_ENABLE_OBJC_WEAK = YES;
				CLANG_WARN_BLOCK_CAPTURE_AUTORELEASING = YES;
				CLANG_WARN_BOOL_CONVERSION = YES;
				CLANG_WARN_COMMA = YES;
				CLANG_WARN_CONSTANT_CONVERSION = YES;
				CLANG_WARN_DEPRECATED_OBJC_IMPLEMENTATIONS = YES;
				CLANG_WARN_DIRECT_OBJC_ISA_USAGE = YES_ERROR;
				CLANG_WARN_DOCUMENTATION_COMMENTS = YES;
				CLANG_WARN_EMPTY_BODY = YES;
				CLANG_WARN_ENUM_CONVERSION = YES;
				CLANG_WARN_INFINITE_RECURSION = YES;
				CLANG_WARN_INT_CONVERSION = YES;
				CLANG_WARN_NON_LITERAL_NULL_CONVERSION = YES;
				CLANG_WARN_OBJC_IMPLICIT_RETAIN_SELF = YES;
				CLANG_WARN_OBJC_LITERAL_CONVERSION = YES;
				CLANG_WARN_OBJC_ROOT_CLASS = YES_ERROR;
				CLANG_WARN_QUOTED_INCLUDE_IN_FRAMEWORK_HEADER = YES;
				CLANG_WARN_RANGE_LOOP_ANALYSIS = YES;
				CLANG_WARN_STRICT_PROTOTYPES = YES;
				CLANG_WARN_SUSPICIOUS_MOVE = YES;
				CLANG_WARN_UNGUARDED_AVAILABILITY = YES_AGGRESSIVE;
				CLANG_WARN_UNREACHABLE_CODE = YES;
				CLANG_WARN__DUPLICATE_METHOD_MATCH = YES;
				COPY_PHASE_STRIP = NO;
				DEBUG_INFORMATION_FORMAT = "dwarf-with-dsym";
				ENABLE_NS_ASSERTIONS = NO;
				ENABLE_STRICT_OBJC_MSGSEND = YES;
				ENABLE_USER_SCRIPT_SANDBOXING = YES;
				GCC_C_LANGUAGE_STANDARD = gnu17;
				GCC_NO_COMMON_BLOCKS = YES;
				GCC_WARN_64_TO_32_BIT_CONVERSION = YES;
				GCC_WARN_ABOUT_RETURN_TYPE = YES_ERROR;
				GCC_WARN_UNDECLARED_SELECTOR = YES;
				GCC_WARN_UNINITIALIZED_AUTOS = YES_AGGRESSIVE;
				GCC_WARN_UNUSED_FUNCTION = YES;
				GCC_WARN_UNUSED_VARIABLE = YES;
				IPHONEOS_DEPLOYMENT_TARGET = 17.4;
				LOCALIZATION_PREFERS_STRING_CATALOGS = YES;
				MTL_ENABLE_DEBUG_INFO = NO;
				MTL_FAST_MATH = YES;
				SDKROOT = iphoneos;
				SWIFT_COMPILATION_MODE = wholemodule;
				VALIDATE_PRODUCT = YES;
			};
			name = Release;
		};
		E3BC33F82B9A7FE900FFBA53 /* Debug */ = {
			isa = XCBuildConfiguration;
			buildSettings = {
				ASSETCATALOG_COMPILER_APPICON_NAME = AppIcon;
				ASSETCATALOG_COMPILER_GLOBAL_ACCENT_COLOR_NAME = AccentColor;
				CODE_SIGN_STYLE = Automatic;
				CURRENT_PROJECT_VERSION = 1;
				DEVELOPMENT_ASSET_PATHS = "\"MunchMadness/Preview Content\"";
				DEVELOPMENT_TEAM = 3SDWL974BD;
				ENABLE_PREVIEWS = YES;
				GENERATE_INFOPLIST_FILE = YES;
				INFOPLIST_KEY_NSLocationWhenInUseUsageDescription = "We will use your location to find restaurants in your area";
				INFOPLIST_KEY_UIApplicationSceneManifest_Generation = YES;
				INFOPLIST_KEY_UIApplicationSupportsIndirectInputEvents = YES;
				INFOPLIST_KEY_UILaunchScreen_Generation = YES;
				INFOPLIST_KEY_UISupportedInterfaceOrientations_iPad = "UIInterfaceOrientationPortrait UIInterfaceOrientationPortraitUpsideDown UIInterfaceOrientationLandscapeLeft UIInterfaceOrientationLandscapeRight";
				INFOPLIST_KEY_UISupportedInterfaceOrientations_iPhone = "UIInterfaceOrientationPortrait UIInterfaceOrientationLandscapeLeft UIInterfaceOrientationLandscapeRight";
				LD_RUNPATH_SEARCH_PATHS = (
					"$(inherited)",
					"@executable_path/Frameworks",
				);
				MARKETING_VERSION = 1.0;
				PRODUCT_BUNDLE_IDENTIFIER = com.tanner.MunchMadness;
				PRODUCT_NAME = "$(TARGET_NAME)";
				SWIFT_EMIT_LOC_STRINGS = YES;
				SWIFT_VERSION = 5.0;
				TARGETED_DEVICE_FAMILY = "1,2";
			};
			name = Debug;
		};
		E3BC33F92B9A7FE900FFBA53 /* Release */ = {
			isa = XCBuildConfiguration;
			buildSettings = {
				ASSETCATALOG_COMPILER_APPICON_NAME = AppIcon;
				ASSETCATALOG_COMPILER_GLOBAL_ACCENT_COLOR_NAME = AccentColor;
				CODE_SIGN_STYLE = Automatic;
				CURRENT_PROJECT_VERSION = 1;
				DEVELOPMENT_ASSET_PATHS = "\"MunchMadness/Preview Content\"";
				DEVELOPMENT_TEAM = 3SDWL974BD;
				ENABLE_PREVIEWS = YES;
				GENERATE_INFOPLIST_FILE = YES;
				INFOPLIST_KEY_NSLocationWhenInUseUsageDescription = "We will use your location to find restaurants in your area";
				INFOPLIST_KEY_UIApplicationSceneManifest_Generation = YES;
				INFOPLIST_KEY_UIApplicationSupportsIndirectInputEvents = YES;
				INFOPLIST_KEY_UILaunchScreen_Generation = YES;
				INFOPLIST_KEY_UISupportedInterfaceOrientations_iPad = "UIInterfaceOrientationPortrait UIInterfaceOrientationPortraitUpsideDown UIInterfaceOrientationLandscapeLeft UIInterfaceOrientationLandscapeRight";
				INFOPLIST_KEY_UISupportedInterfaceOrientations_iPhone = "UIInterfaceOrientationPortrait UIInterfaceOrientationLandscapeLeft UIInterfaceOrientationLandscapeRight";
				LD_RUNPATH_SEARCH_PATHS = (
					"$(inherited)",
					"@executable_path/Frameworks",
				);
				MARKETING_VERSION = 1.0;
				PRODUCT_BUNDLE_IDENTIFIER = com.tanner.MunchMadness;
				PRODUCT_NAME = "$(TARGET_NAME)";
				SWIFT_EMIT_LOC_STRINGS = YES;
				SWIFT_VERSION = 5.0;
				TARGETED_DEVICE_FAMILY = "1,2";
			};
			name = Release;
		};
/* End XCBuildConfiguration section */

/* Begin XCConfigurationList section */
		E3BC33E42B9A7FE700FFBA53 /* Build configuration list for PBXProject "MunchMadness" */ = {
			isa = XCConfigurationList;
			buildConfigurations = (
				E3BC33F52B9A7FE900FFBA53 /* Debug */,
				E3BC33F62B9A7FE900FFBA53 /* Release */,
			);
			defaultConfigurationIsVisible = 0;
			defaultConfigurationName = Release;
		};
		E3BC33F72B9A7FE900FFBA53 /* Build configuration list for PBXNativeTarget "MunchMadness" */ = {
			isa = XCConfigurationList;
			buildConfigurations = (
				E3BC33F82B9A7FE900FFBA53 /* Debug */,
				E3BC33F92B9A7FE900FFBA53 /* Release */,
			);
			defaultConfigurationIsVisible = 0;
			defaultConfigurationName = Release;
		};
/* End XCConfigurationList section */
	};
	rootObject = E3BC33E12B9A7FE700FFBA53 /* Project object */;
}
